// !$*UTF8*$!
{
	archiveVersion = 1;
	classes = {
	};
	objectVersion = 55;
	objects = {

/* Begin PBXBuildFile section */
		6424C59B2924ED250071FA27 /* toMilliseconds.swift in Sources */ = {isa = PBXBuildFile; fileRef = 6424C59A2924ED250071FA27 /* toMilliseconds.swift */; };
		6424C59D2924F0010071FA27 /* TravelDiscount.swift in Sources */ = {isa = PBXBuildFile; fileRef = 6424C59C2924F0010071FA27 /* TravelDiscount.swift */; };
		6424C59F2924F4F80071FA27 /* firstNotConsecutive.swift in Sources */ = {isa = PBXBuildFile; fileRef = 6424C59E2924F4F80071FA27 /* firstNotConsecutive.swift */; };
/* End PBXBuildFile section */

/* Begin PBXContainerItemProxy section */
		6424C57E2924ECBF0071FA27 /* PBXContainerItemProxy */ = {
			isa = PBXContainerItemProxy;
			containerPortal = 6424C5602924ECBB0071FA27 /* Project object */;
			proxyType = 1;
			remoteGlobalIDString = 6424C5672924ECBB0071FA27;
			remoteInfo = CodeWars;
		};
		6424C5882924ECBF0071FA27 /* PBXContainerItemProxy */ = {
			isa = PBXContainerItemProxy;
			containerPortal = 6424C5602924ECBB0071FA27 /* Project object */;
			proxyType = 1;
			remoteGlobalIDString = 6424C5672924ECBB0071FA27;
			remoteInfo = CodeWars;
		};
/* End PBXContainerItemProxy section */

/* Begin PBXFileReference section */
		6424C5682924ECBB0071FA27 /* CodeWars.app */ = {isa = PBXFileReference; explicitFileType = wrapper.application; includeInIndex = 0; path = CodeWars.app; sourceTree = BUILT_PRODUCTS_DIR; };
		6424C57D2924ECBF0071FA27 /* CodeWarsTests.xctest */ = {isa = PBXFileReference; explicitFileType = wrapper.cfbundle; includeInIndex = 0; path = CodeWarsTests.xctest; sourceTree = BUILT_PRODUCTS_DIR; };
		6424C5872924ECBF0071FA27 /* CodeWarsUITests.xctest */ = {isa = PBXFileReference; explicitFileType = wrapper.cfbundle; includeInIndex = 0; path = CodeWarsUITests.xctest; sourceTree = BUILT_PRODUCTS_DIR; };
		6424C59A2924ED250071FA27 /* toMilliseconds.swift */ = {isa = PBXFileReference; lastKnownFileType = sourcecode.swift; path = toMilliseconds.swift; sourceTree = "<group>"; };
		6424C59C2924F0010071FA27 /* TravelDiscount.swift */ = {isa = PBXFileReference; lastKnownFileType = sourcecode.swift; path = TravelDiscount.swift; sourceTree = "<group>"; };
		6424C59E2924F4F80071FA27 /* firstNotConsecutive.swift */ = {isa = PBXFileReference; lastKnownFileType = sourcecode.swift; path = firstNotConsecutive.swift; sourceTree = "<group>"; };
/* End PBXFileReference section */

/* Begin PBXFrameworksBuildPhase section */
		6424C5652924ECBB0071FA27 /* Frameworks */ = {
			isa = PBXFrameworksBuildPhase;
			buildActionMask = 2147483647;
			files = (
			);
			runOnlyForDeploymentPostprocessing = 0;
		};
		6424C57A2924ECBF0071FA27 /* Frameworks */ = {
			isa = PBXFrameworksBuildPhase;
			buildActionMask = 2147483647;
			files = (
			);
			runOnlyForDeploymentPostprocessing = 0;
		};
		6424C5842924ECBF0071FA27 /* Frameworks */ = {
			isa = PBXFrameworksBuildPhase;
			buildActionMask = 2147483647;
			files = (
			);
			runOnlyForDeploymentPostprocessing = 0;
		};
/* End PBXFrameworksBuildPhase section */

/* Begin PBXGroup section */
		6424C55F2924ECBB0071FA27 = {
			isa = PBXGroup;
			children = (
				6424C56A2924ECBB0071FA27 /* CodeWars */,
				6424C5692924ECBB0071FA27 /* Products */,
			);
			sourceTree = "<group>";
		};
		6424C5692924ECBB0071FA27 /* Products */ = {
			isa = PBXGroup;
			children = (
				6424C5682924ECBB0071FA27 /* CodeWars.app */,
				6424C57D2924ECBF0071FA27 /* CodeWarsTests.xctest */,
				6424C5872924ECBF0071FA27 /* CodeWarsUITests.xctest */,
			);
			name = Products;
			sourceTree = "<group>";
		};
		6424C56A2924ECBB0071FA27 /* CodeWars */ = {
			isa = PBXGroup;
			children = (
				6424C59A2924ED250071FA27 /* toMilliseconds.swift */,
				6424C59C2924F0010071FA27 /* TravelDiscount.swift */,
				6424C59E2924F4F80071FA27 /* firstNotConsecutive.swift */,
			);
			path = CodeWars;
			sourceTree = "<group>";
		};
/* End PBXGroup section */

/* Begin PBXNativeTarget section */
		6424C5672924ECBB0071FA27 /* CodeWars */ = {
			isa = PBXNativeTarget;
			buildConfigurationList = 6424C5912924ECBF0071FA27 /* Build configuration list for PBXNativeTarget "CodeWars" */;
			buildPhases = (
				6424C5642924ECBB0071FA27 /* Sources */,
				6424C5652924ECBB0071FA27 /* Frameworks */,
				6424C5662924ECBB0071FA27 /* Resources */,
			);
			buildRules = (
			);
			dependencies = (
			);
			name = CodeWars;
			productName = CodeWars;
			productReference = 6424C5682924ECBB0071FA27 /* CodeWars.app */;
			productType = "com.apple.product-type.application";
		};
		6424C57C2924ECBF0071FA27 /* CodeWarsTests */ = {
			isa = PBXNativeTarget;
			buildConfigurationList = 6424C5942924ECBF0071FA27 /* Build configuration list for PBXNativeTarget "CodeWarsTests" */;
			buildPhases = (
				6424C5792924ECBF0071FA27 /* Sources */,
				6424C57A2924ECBF0071FA27 /* Frameworks */,
				6424C57B2924ECBF0071FA27 /* Resources */,
			);
			buildRules = (
			);
			dependencies = (
				6424C57F2924ECBF0071FA27 /* PBXTargetDependency */,
			);
			name = CodeWarsTests;
			productName = CodeWarsTests;
			productReference = 6424C57D2924ECBF0071FA27 /* CodeWarsTests.xctest */;
			productType = "com.apple.product-type.bundle.unit-test";
		};
		6424C5862924ECBF0071FA27 /* CodeWarsUITests */ = {
			isa = PBXNativeTarget;
			buildConfigurationList = 6424C5972924ECBF0071FA27 /* Build configuration list for PBXNativeTarget "CodeWarsUITests" */;
			buildPhases = (
				6424C5832924ECBF0071FA27 /* Sources */,
				6424C5842924ECBF0071FA27 /* Frameworks */,
				6424C5852924ECBF0071FA27 /* Resources */,
			);
			buildRules = (
			);
			dependencies = (
				6424C5892924ECBF0071FA27 /* PBXTargetDependency */,
			);
			name = CodeWarsUITests;
			productName = CodeWarsUITests;
			productReference = 6424C5872924ECBF0071FA27 /* CodeWarsUITests.xctest */;
			productType = "com.apple.product-type.bundle.ui-testing";
		};
/* End PBXNativeTarget section */

/* Begin PBXProject section */
		6424C5602924ECBB0071FA27 /* Project object */ = {
			isa = PBXProject;
			attributes = {
				BuildIndependentTargetsInParallel = 1;
				LastSwiftUpdateCheck = 1340;
				LastUpgradeCheck = 1340;
				TargetAttributes = {
					6424C5672924ECBB0071FA27 = {
						CreatedOnToolsVersion = 13.4.1;
					};
					6424C57C2924ECBF0071FA27 = {
						CreatedOnToolsVersion = 13.4.1;
						TestTargetID = 6424C5672924ECBB0071FA27;
					};
					6424C5862924ECBF0071FA27 = {
						CreatedOnToolsVersion = 13.4.1;
						TestTargetID = 6424C5672924ECBB0071FA27;
					};
				};
			};
			buildConfigurationList = 6424C5632924ECBB0071FA27 /* Build configuration list for PBXProject "CodeWars" */;
			compatibilityVersion = "Xcode 13.0";
			developmentRegion = en;
			hasScannedForEncodings = 0;
			knownRegions = (
				en,
				Base,
			);
			mainGroup = 6424C55F2924ECBB0071FA27;
			productRefGroup = 6424C5692924ECBB0071FA27 /* Products */;
			projectDirPath = "";
			projectRoot = "";
			targets = (
				6424C5672924ECBB0071FA27 /* CodeWars */,
				6424C57C2924ECBF0071FA27 /* CodeWarsTests */,
				6424C5862924ECBF0071FA27 /* CodeWarsUITests */,
			);
		};
/* End PBXProject section */

/* Begin PBXResourcesBuildPhase section */
		6424C5662924ECBB0071FA27 /* Resources */ = {
			isa = PBXResourcesBuildPhase;
			buildActionMask = 2147483647;
			files = (
			);
			runOnlyForDeploymentPostprocessing = 0;
		};
		6424C57B2924ECBF0071FA27 /* Resources */ = {
			isa = PBXResourcesBuildPhase;
			buildActionMask = 2147483647;
			files = (
			);
			runOnlyForDeploymentPostprocessing = 0;
		};
		6424C5852924ECBF0071FA27 /* Resources */ = {
			isa = PBXResourcesBuildPhase;
			buildActionMask = 2147483647;
			files = (
			);
			runOnlyForDeploymentPostprocessing = 0;
		};
/* End PBXResourcesBuildPhase section */

/* Begin PBXSourcesBuildPhase section */
		6424C5642924ECBB0071FA27 /* Sources */ = {
			isa = PBXSourcesBuildPhase;
			buildActionMask = 2147483647;
			files = (
				6424C59D2924F0010071FA27 /* TravelDiscount.swift in Sources */,
				6424C59F2924F4F80071FA27 /* firstNotConsecutive.swift in Sources */,
				6424C59B2924ED250071FA27 /* toMilliseconds.swift in Sources */,
			);
			runOnlyForDeploymentPostprocessing = 0;
		};
		6424C5792924ECBF0071FA27 /* Sources */ = {
			isa = PBXSourcesBuildPhase;
			buildActionMask = 2147483647;
			files = (
			);
			runOnlyForDeploymentPostprocessing = 0;
		};
		6424C5832924ECBF0071FA27 /* Sources */ = {
			isa = PBXSourcesBuildPhase;
			buildActionMask = 2147483647;
			files = (
			);
			runOnlyForDeploymentPostprocessing = 0;
		};
/* End PBXSourcesBuildPhase section */

/* Begin PBXTargetDependency section */
		6424C57F2924ECBF0071FA27 /* PBXTargetDependency */ = {
			isa = PBXTargetDependency;
			target = 6424C5672924ECBB0071FA27 /* CodeWars */;
			targetProxy = 6424C57E2924ECBF0071FA27 /* PBXContainerItemProxy */;
		};
		6424C5892924ECBF0071FA27 /* PBXTargetDependency */ = {
			isa = PBXTargetDependency;
			target = 6424C5672924ECBB0071FA27 /* CodeWars */;
			targetProxy = 6424C5882924ECBF0071FA27 /* PBXContainerItemProxy */;
		};
/* End PBXTargetDependency section */

/* Begin XCBuildConfiguration section */
		6424C58F2924ECBF0071FA27 /* Debug */ = {
			isa = XCBuildConfiguration;
			buildSettings = {
				ALWAYS_SEARCH_USER_PATHS = NO;
				CLANG_ANALYZER_NONNULL = YES;
				CLANG_ANALYZER_NUMBER_OBJECT_CONVERSION = YES_AGGRESSIVE;
				CLANG_CXX_LANGUAGE_STANDARD = "gnu++17";
				CLANG_ENABLE_MODULES = YES;
				CLANG_ENABLE_OBJC_ARC = YES;
				CLANG_ENABLE_OBJC_WEAK = YES;
				CLANG_WARN_BLOCK_CAPTURE_AUTORELEASING = YES;
				CLANG_WARN_BOOL_CONVERSION = YES;
				CLANG_WARN_COMMA = YES;
				CLANG_WARN_CONSTANT_CONVERSION = YES;
				CLANG_WARN_DEPRECATED_OBJC_IMPLEMENTATIONS = YES;
				CLANG_WARN_DIRECT_OBJC_ISA_USAGE = YES_ERROR;
				CLANG_WARN_DOCUMENTATION_COMMENTS = YES;
				CLANG_WARN_EMPTY_BODY = YES;
				CLANG_WARN_ENUM_CONVERSION = YES;
				CLANG_WARN_INFINITE_RECURSION = YES;
				CLANG_WARN_INT_CONVERSION = YES;
				CLANG_WARN_NON_LITERAL_NULL_CONVERSION = YES;
				CLANG_WARN_OBJC_IMPLICIT_RETAIN_SELF = YES;
				CLANG_WARN_OBJC_LITERAL_CONVERSION = YES;
				CLANG_WARN_OBJC_ROOT_CLASS = YES_ERROR;
				CLANG_WARN_QUOTED_INCLUDE_IN_FRAMEWORK_HEADER = YES;
				CLANG_WARN_RANGE_LOOP_ANALYSIS = YES;
				CLANG_WARN_STRICT_PROTOTYPES = YES;
				CLANG_WARN_SUSPICIOUS_MOVE = YES;
				CLANG_WARN_UNGUARDED_AVAILABILITY = YES_AGGRESSIVE;
				CLANG_WARN_UNREACHABLE_CODE = YES;
				CLANG_WARN__DUPLICATE_METHOD_MATCH = YES;
				COPY_PHASE_STRIP = NO;
				DEBUG_INFORMATION_FORMAT = dwarf;
				ENABLE_STRICT_OBJC_MSGSEND = YES;
				ENABLE_TESTABILITY = YES;
				GCC_C_LANGUAGE_STANDARD = gnu11;
				GCC_DYNAMIC_NO_PIC = NO;
				GCC_NO_COMMON_BLOCKS = YES;
				GCC_OPTIMIZATION_LEVEL = 0;
				GCC_PREPROCESSOR_DEFINITIONS = (
					"DEBUG=1",
					"$(inherited)",
				);
				GCC_WARN_64_TO_32_BIT_CONVERSION = YES;
				GCC_WARN_ABOUT_RETURN_TYPE = YES_ERROR;
				GCC_WARN_UNDECLARED_SELECTOR = YES;
				GCC_WARN_UNINITIALIZED_AUTOS = YES_AGGRESSIVE;
				GCC_WARN_UNUSED_FUNCTION = YES;
				GCC_WARN_UNUSED_VARIABLE = YES;
				IPHONEOS_DEPLOYMENT_TARGET = 15.5;
				MTL_ENABLE_DEBUG_INFO = INCLUDE_SOURCE;
				MTL_FAST_MATH = YES;
				ONLY_ACTIVE_ARCH = YES;
				SDKROOT = iphoneos;
				SWIFT_ACTIVE_COMPILATION_CONDITIONS = DEBUG;
				SWIFT_OPTIMIZATION_LEVEL = "-Onone";
			};
			name = Debug;
		};
		6424C5902924ECBF0071FA27 /* Release */ = {
			isa = XCBuildConfiguration;
			buildSettings = {
				ALWAYS_SEARCH_USER_PATHS = NO;
				CLANG_ANALYZER_NONNULL = YES;
				CLANG_ANALYZER_NUMBER_OBJECT_CONVERSION = YES_AGGRESSIVE;
				CLANG_CXX_LANGUAGE_STANDARD = "gnu++17";
				CLANG_ENABLE_MODULES = YES;
				CLANG_ENABLE_OBJC_ARC = YES;
				CLANG_ENABLE_OBJC_WEAK = YES;
				CLANG_WARN_BLOCK_CAPTURE_AUTORELEASING = YES;
				CLANG_WARN_BOOL_CONVERSION = YES;
				CLANG_WARN_COMMA = YES;
				CLANG_WARN_CONSTANT_CONVERSION = YES;
				CLANG_WARN_DEPRECATED_OBJC_IMPLEMENTATIONS = YES;
				CLANG_WARN_DIRECT_OBJC_ISA_USAGE = YES_ERROR;
				CLANG_WARN_DOCUMENTATION_COMMENTS = YES;
				CLANG_WARN_EMPTY_BODY = YES;
				CLANG_WARN_ENUM_CONVERSION = YES;
				CLANG_WARN_INFINITE_RECURSION = YES;
				CLANG_WARN_INT_CONVERSION = YES;
				CLANG_WARN_NON_LITERAL_NULL_CONVERSION = YES;
				CLANG_WARN_OBJC_IMPLICIT_RETAIN_SELF = YES;
				CLANG_WARN_OBJC_LITERAL_CONVERSION = YES;
				CLANG_WARN_OBJC_ROOT_CLASS = YES_ERROR;
				CLANG_WARN_QUOTED_INCLUDE_IN_FRAMEWORK_HEADER = YES;
				CLANG_WARN_RANGE_LOOP_ANALYSIS = YES;
				CLANG_WARN_STRICT_PROTOTYPES = YES;
				CLANG_WARN_SUSPICIOUS_MOVE = YES;
				CLANG_WARN_UNGUARDED_AVAILABILITY = YES_AGGRESSIVE;
				CLANG_WARN_UNREACHABLE_CODE = YES;
				CLANG_WARN__DUPLICATE_METHOD_MATCH = YES;
				COPY_PHASE_STRIP = NO;
				DEBUG_INFORMATION_FORMAT = "dwarf-with-dsym";
				ENABLE_NS_ASSERTIONS = NO;
				ENABLE_STRICT_OBJC_MSGSEND = YES;
				GCC_C_LANGUAGE_STANDARD = gnu11;
				GCC_NO_COMMON_BLOCKS = YES;
				GCC_WARN_64_TO_32_BIT_CONVERSION = YES;
				GCC_WARN_ABOUT_RETURN_TYPE = YES_ERROR;
				GCC_WARN_UNDECLARED_SELECTOR = YES;
				GCC_WARN_UNINITIALIZED_AUTOS = YES_AGGRESSIVE;
				GCC_WARN_UNUSED_FUNCTION = YES;
				GCC_WARN_UNUSED_VARIABLE = YES;
				IPHONEOS_DEPLOYMENT_TARGET = 15.5;
				MTL_ENABLE_DEBUG_INFO = NO;
				MTL_FAST_MATH = YES;
				SDKROOT = iphoneos;
				SWIFT_COMPILATION_MODE = wholemodule;
				SWIFT_OPTIMIZATION_LEVEL = "-O";
				VALIDATE_PRODUCT = YES;
			};
			name = Release;
		};
		6424C5922924ECBF0071FA27 /* Debug */ = {
			isa = XCBuildConfiguration;
			buildSettings = {
				ASSETCATALOG_COMPILER_APPICON_NAME = AppIcon;
				ASSETCATALOG_COMPILER_GLOBAL_ACCENT_COLOR_NAME = AccentColor;
				CODE_SIGN_STYLE = Automatic;
				CURRENT_PROJECT_VERSION = 1;
				DEVELOPMENT_ASSET_PATHS = "\"CodeWars/Preview Content\"";
				DEVELOPMENT_TEAM = NW6R5LWRJD;
				ENABLE_PREVIEWS = YES;
				GENERATE_INFOPLIST_FILE = YES;
				INFOPLIST_KEY_UIApplicationSceneManifest_Generation = YES;
				INFOPLIST_KEY_UIApplicationSupportsIndirectInputEvents = YES;
				INFOPLIST_KEY_UILaunchScreen_Generation = YES;
				INFOPLIST_KEY_UISupportedInterfaceOrientations_iPad = "UIInterfaceOrientationPortrait UIInterfaceOrientationPortraitUpsideDown UIInterfaceOrientationLandscapeLeft UIInterfaceOrientationLandscapeRight";
				INFOPLIST_KEY_UISupportedInterfaceOrientations_iPhone = "UIInterfaceOrientationPortrait UIInterfaceOrientationLandscapeLeft UIInterfaceOrientationLandscapeRight";
				LD_RUNPATH_SEARCH_PATHS = (
					"$(inherited)",
					"@executable_path/Frameworks",
				);
				MARKETING_VERSION = 1.0;
				PRODUCT_BUNDLE_IDENTIFIER = academy.adam.CodeWars;
				PRODUCT_NAME = "$(TARGET_NAME)";
				SWIFT_EMIT_LOC_STRINGS = YES;
				SWIFT_VERSION = 5.0;
				TARGETED_DEVICE_FAMILY = "1,2";
			};
			name = Debug;
		};
		6424C5932924ECBF0071FA27 /* Release */ = {
			isa = XCBuildConfiguration;
			buildSettings = {
				ASSETCATALOG_COMPILER_APPICON_NAME = AppIcon;
				ASSETCATALOG_COMPILER_GLOBAL_ACCENT_COLOR_NAME = AccentColor;
				CODE_SIGN_STYLE = Automatic;
				CURRENT_PROJECT_VERSION = 1;
				DEVELOPMENT_ASSET_PATHS = "\"CodeWars/Preview Content\"";
				DEVELOPMENT_TEAM = NW6R5LWRJD;
				ENABLE_PREVIEWS = YES;
				GENERATE_INFOPLIST_FILE = YES;
				INFOPLIST_KEY_UIApplicationSceneManifest_Generation = YES;
				INFOPLIST_KEY_UIApplicationSupportsIndirectInputEvents = YES;
				INFOPLIST_KEY_UILaunchScreen_Generation = YES;
				INFOPLIST_KEY_UISupportedInterfaceOrientations_iPad = "UIInterfaceOrientationPortrait UIInterfaceOrientationPortraitUpsideDown UIInterfaceOrientationLandscapeLeft UIInterfaceOrientationLandscapeRight";
				INFOPLIST_KEY_UISupportedInterfaceOrientations_iPhone = "UIInterfaceOrientationPortrait UIInterfaceOrientationLandscapeLeft UIInterfaceOrientationLandscapeRight";
				LD_RUNPATH_SEARCH_PATHS = (
					"$(inherited)",
					"@executable_path/Frameworks",
				);
				MARKETING_VERSION = 1.0;
				PRODUCT_BUNDLE_IDENTIFIER = academy.adam.CodeWars;
				PRODUCT_NAME = "$(TARGET_NAME)";
				SWIFT_EMIT_LOC_STRINGS = YES;
				SWIFT_VERSION = 5.0;
				TARGETED_DEVICE_FAMILY = "1,2";
			};
			name = Release;
		};
		6424C5952924ECBF0071FA27 /* Debug */ = {
			isa = XCBuildConfiguration;
			buildSettings = {
				ALWAYS_EMBED_SWIFT_STANDARD_LIBRARIES = YES;
				BUNDLE_LOADER = "$(TEST_HOST)";
				CODE_SIGN_STYLE = Automatic;
				CURRENT_PROJECT_VERSION = 1;
				DEVELOPMENT_TEAM = NW6R5LWRJD;
				GENERATE_INFOPLIST_FILE = YES;
				IPHONEOS_DEPLOYMENT_TARGET = 15.5;
				MARKETING_VERSION = 1.0;
				PRODUCT_BUNDLE_IDENTIFIER = academy.adam.CodeWarsTests;
				PRODUCT_NAME = "$(TARGET_NAME)";
				SWIFT_EMIT_LOC_STRINGS = NO;
				SWIFT_VERSION = 5.0;
				TARGETED_DEVICE_FAMILY = "1,2";
				TEST_HOST = "$(BUILT_PRODUCTS_DIR)/CodeWars.app/CodeWars";
			};
			name = Debug;
		};
		6424C5962924ECBF0071FA27 /* Release */ = {
			isa = XCBuildConfiguration;
			buildSettings = {
				ALWAYS_EMBED_SWIFT_STANDARD_LIBRARIES = YES;
				BUNDLE_LOADER = "$(TEST_HOST)";
				CODE_SIGN_STYLE = Automatic;
				CURRENT_PROJECT_VERSION = 1;
				DEVELOPMENT_TEAM = NW6R5LWRJD;
				GENERATE_INFOPLIST_FILE = YES;
				IPHONEOS_DEPLOYMENT_TARGET = 15.5;
				MARKETING_VERSION = 1.0;
				PRODUCT_BUNDLE_IDENTIFIER = academy.adam.CodeWarsTests;
				PRODUCT_NAME = "$(TARGET_NAME)";
				SWIFT_EMIT_LOC_STRINGS = NO;
				SWIFT_VERSION = 5.0;
				TARGETED_DEVICE_FAMILY = "1,2";
				TEST_HOST = "$(BUILT_PRODUCTS_DIR)/CodeWars.app/CodeWars";
			};
			name = Release;
		};
		6424C5982924ECBF0071FA27 /* Debug */ = {
			isa = XCBuildConfiguration;
			buildSettings = {
				ALWAYS_EMBED_SWIFT_STANDARD_LIBRARIES = YES;
				CODE_SIGN_STYLE = Automatic;
				CURRENT_PROJECT_VERSION = 1;
				DEVELOPMENT_TEAM = NW6R5LWRJD;
				GENERATE_INFOPLIST_FILE = YES;
				MARKETING_VERSION = 1.0;
				PRODUCT_BUNDLE_IDENTIFIER = academy.adam.CodeWarsUITests;
				PRODUCT_NAME = "$(TARGET_NAME)";
				SWIFT_EMIT_LOC_STRINGS = NO;
				SWIFT_VERSION = 5.0;
				TARGETED_DEVICE_FAMILY = "1,2";
				TEST_TARGET_NAME = CodeWars;
			};
			name = Debug;
		};
		6424C5992924ECBF0071FA27 /* Release */ = {
			isa = XCBuildConfiguration;
			buildSettings = {
				ALWAYS_EMBED_SWIFT_STANDARD_LIBRARIES = YES;
				CODE_SIGN_STYLE = Automatic;
				CURRENT_PROJECT_VERSION = 1;
				DEVELOPMENT_TEAM = NW6R5LWRJD;
				GENERATE_INFOPLIST_FILE = YES;
				MARKETING_VERSION = 1.0;
				PRODUCT_BUNDLE_IDENTIFIER = academy.adam.CodeWarsUITests;
				PRODUCT_NAME = "$(TARGET_NAME)";
				SWIFT_EMIT_LOC_STRINGS = NO;
				SWIFT_VERSION = 5.0;
				TARGETED_DEVICE_FAMILY = "1,2";
				TEST_TARGET_NAME = CodeWars;
			};
			name = Release;
		};
/* End XCBuildConfiguration section */

/* Begin XCConfigurationList section */
		6424C5632924ECBB0071FA27 /* Build configuration list for PBXProject "CodeWars" */ = {
			isa = XCConfigurationList;
			buildConfigurations = (
				6424C58F2924ECBF0071FA27 /* Debug */,
				6424C5902924ECBF0071FA27 /* Release */,
			);
			defaultConfigurationIsVisible = 0;
			defaultConfigurationName = Release;
		};
		6424C5912924ECBF0071FA27 /* Build configuration list for PBXNativeTarget "CodeWars" */ = {
			isa = XCConfigurationList;
			buildConfigurations = (
				6424C5922924ECBF0071FA27 /* Debug */,
				6424C5932924ECBF0071FA27 /* Release */,
			);
			defaultConfigurationIsVisible = 0;
			defaultConfigurationName = Release;
		};
		6424C5942924ECBF0071FA27 /* Build configuration list for PBXNativeTarget "CodeWarsTests" */ = {
			isa = XCConfigurationList;
			buildConfigurations = (
				6424C5952924ECBF0071FA27 /* Debug */,
				6424C5962924ECBF0071FA27 /* Release */,
			);
			defaultConfigurationIsVisible = 0;
			defaultConfigurationName = Release;
		};
		6424C5972924ECBF0071FA27 /* Build configuration list for PBXNativeTarget "CodeWarsUITests" */ = {
			isa = XCConfigurationList;
			buildConfigurations = (
				6424C5982924ECBF0071FA27 /* Debug */,
				6424C5992924ECBF0071FA27 /* Release */,
			);
			defaultConfigurationIsVisible = 0;
			defaultConfigurationName = Release;
		};
/* End XCConfigurationList section */
	};
	rootObject = 6424C5602924ECBB0071FA27 /* Project object */;
}
